lockfileVersion: 5.3

specifiers:
  '@napi-rs/cli': ^2.2.0

devDependencies:
  '@napi-rs/cli': 2.4.2

packages:

  /@napi-rs/cli/2.4.2:
    resolution: {integrity: sha512-+yCOuPqernvD8BMphbadF87ElaJ0rjanOZrbnauaEdR07YyoalGw3FTk15HHyflIwQKlYd69gkG5EM4WFkICKw==}
    engines: {node: '>= 10'}
    hasBin: true
    dev: true
