# THIS IS AN AUTOGENERATED FILE. DO NOT EDIT THIS FILE DIRECTLY.
# yarn lockfile v1


"@napi-rs/cli@^2.2.0":
  version "2.4.2"
  resolved "https://registry.npmjs.org/@napi-rs/cli/-/cli-2.4.2.tgz#89b32c7d8776004bc9617915605aea769339cf6f"
  integrity sha512-+yCOuPqernvD8BMphbadF87ElaJ0rjanOZrbnauaEdR07YyoalGw3FTk15HHyflIwQKlYd69gkG5EM4WFkICKw==

builtins@^4.0.0:
  version "4.0.0"
  resolved "https://registry.npmjs.org/builtins/-/builtins-4.0.0.tgz#a8345420de82068fdc4d6559d0456403a8fb1905"
  integrity sha512-qC0E2Dxgou1IHhvJSLwGDSTvokbRovU5zZFuDY6oY8Y2lF3nGt5Ad8YZK7GMtqzY84Wu7pXTPeHQeHcXSXsRhw==
  dependencies:
    semver "^7.0.0"

cross-spawn@^7.0.3:
  version "7.0.3"
  resolved "https://registry.npmjs.org/cross-spawn/-/cross-spawn-7.0.3.tgz#f73a85b9d5d41d045551c177e2882d4ac85728a6"
  integrity sha512-iRDPJKUPVEND7dHPO8rkbOnPpyDygcDFtWjpeWNCgy8WP2rXcxXL8TskReQl6OrB2G7+UJrags1q15Fudc7G6w==
  dependencies:
    path-key "^3.1.0"
    shebang-command "^2.0.0"
    which "^2.0.1"

esbuild-android-arm64@0.14.13:
  version "0.14.13"
  resolved "https://registry.npmjs.org/esbuild-android-arm64/-/esbuild-android-arm64-0.14.13.tgz#a5c8cb275dc6dcaf2390abb639791ffc4aa6ead1"
  integrity sha512-rhtwl+KJ3BzzXkK09N3/YbEF1i5WhriysJEStoeWNBzchx9hlmzyWmDGQQhu56HF78ua3JrVPyLOsdLGvtMvxQ==

esbuild-darwin-64@0.14.13:
  version "0.14.13"
  resolved "https://registry.npmjs.org/esbuild-darwin-64/-/esbuild-darwin-64-0.14.13.tgz#51ad2fbf8c9d73c1d40e5f9ab6122ffa95f5b494"
  integrity sha512-Fl47xIt5RMu50WIgMU93kwmUUJb+BPuL8R895n/aBNQqavS+KUMpLPoqKGABBV4myfx/fnAD/97X8Gt1C1YW6w==

esbuild-darwin-arm64@0.14.13:
  version "0.14.13"
  resolved "https://registry.npmjs.org/esbuild-darwin-arm64/-/esbuild-darwin-arm64-0.14.13.tgz#7ff177193cffbba518a59dfa4666a2fbb3345330"
  integrity sha512-UttqKRFXsWvuivcyAbFmo54vdkC9Me1ZYQNuoz/uBYDbkb2MgqKYG2+xoVKPBhLvhT0CKM5QGKD81flMH5BE6A==

esbuild-freebsd-64@0.14.13:
  version "0.14.13"
  resolved "https://registry.npmjs.org/esbuild-freebsd-64/-/esbuild-freebsd-64-0.14.13.tgz#648357ff0ca399ce65f7e7ebfff701cf105c70f3"
  integrity sha512-dlIhPFSp29Yq2TPh7Cm3/4M0uKjlfvOylHVNCRvRNiOvDbBol6/NZ3kLisczms+Yra0rxVapBPN1oMbSMuts9g==

esbuild-freebsd-arm64@0.14.13:
  version "0.14.13"
  resolved "https://registry.npmjs.org/esbuild-freebsd-arm64/-/esbuild-freebsd-arm64-0.14.13.tgz#7cb0016dd64fd116624c56dcfe58b27fac8ceaee"
  integrity sha512-bNOHLu7Oq6RwaAMnwPbJ40DVGPl9GlAOnfH/dFZ792f8hFEbopkbtVzo1SU1jjfY3TGLWOgqHNWxPxx1N7Au+g==

esbuild-linux-32@0.14.13:
  version "0.14.13"
  resolved "https://registry.npmjs.org/esbuild-linux-32/-/esbuild-linux-32-0.14.13.tgz#50b197f6831e824660ab80d011b656505a0aae32"
  integrity sha512-WzXyBx6zx16adGi7wPBvH2lRCBzYMcqnBRrJ8ciLIqYyruGvprZocX1nFWfiexjLcFxIElWnMNPX6LG7ULqyXA==

esbuild-linux-64@0.14.13:
  version "0.14.13"
  resolved "https://registry.npmjs.org/esbuild-linux-64/-/esbuild-linux-64-0.14.13.tgz#d2ee4d780e3cadd129ab8988c7c75ca4bd636f3a"
  integrity sha512-P6OFAfcoUvE7g9h/0UKm3qagvTovwqpCF1wbFLWe/BcCY8BS1bR/+SxUjCeKX2BcpIsg4/43ezHDE/ntg/iOpw==

esbuild-linux-arm64@0.14.13:
  version "0.14.13"
  resolved "https://registry.npmjs.org/esbuild-linux-arm64/-/esbuild-linux-arm64-0.14.13.tgz#9151963c55cd42968c97f2fd354cd6ff9b3cb476"
  integrity sha512-k/uIvmkm4mc7vyMvJVwILgGxi2F+FuvLdmESIIWoHrnxEfEekC5AWpI/R6GQ2OMfp8snebSQLs8KL05QPnt1zA==

esbuild-linux-arm@0.14.13:
  version "0.14.13"
  resolved "https://registry.npmjs.org/esbuild-linux-arm/-/esbuild-linux-arm-0.14.13.tgz#80e94cd8920607dc0addb97bac7ff5988d0fc28f"
  integrity sha512-4jmm0UySCg3Wi6FEBS7jpiPb1IyckI5um5kzYRwulHxPzkiokd6cgpcsTakR4/Y84UEicS8LnFAghHhXHZhbFg==

esbuild-linux-mips64le@0.14.13:
  version "0.14.13"
  resolved "https://registry.npmjs.org/esbuild-linux-mips64le/-/esbuild-linux-mips64le-0.14.13.tgz#8e7eeef567b0895f2ecc4d66b1f1e5a542f1ce5b"
  integrity sha512-vwYtgjQ1TRlUGL88km9wH9TjXsdZyZ/Xht1ASptg5XGRlqGquVjLGH11PfLLunoMdkQ0YTXR68b4l5gRfjVbyg==

esbuild-linux-ppc64le@0.14.13:
  version "0.14.13"
  resolved "https://registry.npmjs.org/esbuild-linux-ppc64le/-/esbuild-linux-ppc64le-0.14.13.tgz#ffbe9915a1d8080f9810a9c5938f453003c6de98"
  integrity sha512-0KqDSIkZaYugtcdpFCd3eQ38Fg6TzhxmOpkhDIKNTwD/W2RoXeiS+Z4y5yQ3oysb/ySDOxWkwNqTdXS4sz2LdQ==

esbuild-linux-s390x@0.14.13:
  version "0.14.13"
  resolved "https://registry.npmjs.org/esbuild-linux-s390x/-/esbuild-linux-s390x-0.14.13.tgz#e27274d12f198580892432115fc0de432431d33d"
  integrity sha512-bG20i7d0CN97fwPN9LaLe64E2IrI0fPZWEcoiff9hzzsvo/fQCx0YjMbPC2T3gqQ48QZRltdU9hQilTjHk3geQ==

esbuild-netbsd-64@0.14.13:
  version "0.14.13"
  resolved "https://registry.npmjs.org/esbuild-netbsd-64/-/esbuild-netbsd-64-0.14.13.tgz#78199fa57d5794e6ac6c33993dd0588fba22b353"
  integrity sha512-jz96PQb0ltqyqLggPpcRbWxzLvWHvrZBHZQyjcOzKRDqg1fR/R1y10b1Cuv84xoIbdAf+ceNUJkMN21FfR9G2g==

esbuild-node-loader@^0.6.3:
  version "0.6.4"
  resolved "https://registry.npmjs.org/esbuild-node-loader/-/esbuild-node-loader-0.6.4.tgz#659aca1171a2844aa9a14bf4ddf089b46d806944"
  integrity sha512-7Esvc3CWHf+DcXHX+VdIl91s4hPs83wV/DqDbjrR2q5gKjnR4O7NCX2Hw7QVYd8h5Pzc7fIV2z12SMqAcHIyJg==
  dependencies:
    esbuild ">=0.13.12"

esbuild-openbsd-64@0.14.13:
  version "0.14.13"
  resolved "https://registry.npmjs.org/esbuild-openbsd-64/-/esbuild-openbsd-64-0.14.13.tgz#5394336b602e1db15583bbef7d827a2b9648e373"
  integrity sha512-bp6zSo3kDCXKPM5MmVUg6DEpt+yXDx37iDGzNTn3Kf9xh6d0cdITxUC4Bx6S3Di79GVYubWs+wNjSRVFIJpryw==

esbuild-register@^3.2.1:
  version "3.3.2"
  resolved "https://registry.npmjs.org/esbuild-register/-/esbuild-register-3.3.2.tgz#1c3dc7179cabb4c7bd640a393eb916b18b12a223"
  integrity sha512-jceAtTO6zxPmCfSD5cBb3rgIK1vmuqCKYwgylHiS1BF4pq0jJiJb4K2QMuqF4BEw7XDBRatYzip0upyTzfkgsQ==

esbuild-sunos-64@0.14.13:
  version "0.14.13"
  resolved "https://registry.npmjs.org/esbuild-sunos-64/-/esbuild-sunos-64-0.14.13.tgz#4afcddcece51f943149fa07274bd58f64e0913a8"
  integrity sha512-08Fne1T9QHYxUnu55sV9V4i/yECADOaI1zMGET2YUa8SRkib10i80hc89U7U/G02DxpN/KUJMWEGq2wKTn0QFQ==

esbuild-windows-32@0.14.13:
  version "0.14.13"
  resolved "https://registry.npmjs.org/esbuild-windows-32/-/esbuild-windows-32-0.14.13.tgz#cb06267f270bbf7ea6631cc78b8f6e3647975c44"
  integrity sha512-MW3BMIi9+fzTyDdljH0ftfT/qlD3t+aVzle1O+zZ2MgHRMQD20JwWgyqoJXhe6uDVyunrAUbcjH3qTIEZN3isg==

esbuild-windows-64@0.14.13:
  version "0.14.13"
  resolved "https://registry.npmjs.org/esbuild-windows-64/-/esbuild-windows-64-0.14.13.tgz#3bbfba58e0185121280bd47ccd073b6c1849fd27"
  integrity sha512-d7+0N+EOgBKdi/nMxlQ8QA5xHBlpcLtSrYnHsA+Xp4yZk28dYfRw1+embsHf5uN5/1iPvrJwPrcpgDH1xyy4JA==

esbuild-windows-arm64@0.14.13:
  version "0.14.13"
  resolved "https://registry.npmjs.org/esbuild-windows-arm64/-/esbuild-windows-arm64-0.14.13.tgz#9203d40d915d809c50bc91af5a8373e5f5abfc4c"
  integrity sha512-oX5hmgXk9yNKbb5AxThzRQm/E9kiHyDll7JJeyeT1fuGENTifv33f0INCpjBQ+Ty5ChKc84++ZQTEBwLCA12Kw==

esbuild@>=0.13.12, esbuild@>=0.14.3:
  version "0.14.13"
  resolved "https://registry.npmjs.org/esbuild/-/esbuild-0.14.13.tgz#ce3fc7c45a6b8a40caad43daa39cdb9c1e84930a"
  integrity sha512-FIxvAdj3i2oHA6ex+E67bG7zlSTO+slt8kU2ogHDgGtrQLy2HNChv3PYjiFTYkt8hZbEAniZCXVeHn+FrHt7dA==
  optionalDependencies:
    esbuild-android-arm64 "0.14.13"
    esbuild-darwin-64 "0.14.13"
    esbuild-darwin-arm64 "0.14.13"
    esbuild-freebsd-64 "0.14.13"
    esbuild-freebsd-arm64 "0.14.13"
    esbuild-linux-32 "0.14.13"
    esbuild-linux-64 "0.14.13"
    esbuild-linux-arm "0.14.13"
    esbuild-linux-arm64 "0.14.13"
    esbuild-linux-mips64le "0.14.13"
    esbuild-linux-ppc64le "0.14.13"
    esbuild-linux-s390x "0.14.13"
    esbuild-netbsd-64 "0.14.13"
    esbuild-openbsd-64 "0.14.13"
    esbuild-sunos-64 "0.14.13"
    esbuild-windows-32 "0.14.13"
    esbuild-windows-64 "0.14.13"
    esbuild-windows-arm64 "0.14.13"

esno@^0.14.0:
  version "0.14.0"
  resolved "https://registry.npmjs.org/esno/-/esno-0.14.0.tgz#25af093b559a6930153090ed9da6727a74496dc5"
  integrity sha512-KEij9fDbMSO+WxwZRZRXWRxSpd48tXKF1VUW8dPUezN7VbUM6jKUXBrYY3CAbnkVfHzEbD8RWkapCYwc+ZaYoA==
  dependencies:
    cross-spawn "^7.0.3"
    esbuild ">=0.14.3"
    esbuild-node-loader "^0.6.3"
    esbuild-register "^3.2.1"
    import-meta-resolve "^1.1.1"

import-meta-resolve@^1.1.1:
  version "1.1.1"
  resolved "https://registry.npmjs.org/import-meta-resolve/-/import-meta-resolve-1.1.1.tgz#244fd542fd1fae73550d4f8b3cde3bba1d7b2b18"
  integrity sha512-JiTuIvVyPaUg11eTrNDx5bgQ/yMKMZffc7YSjvQeSMXy58DO2SQ8BtAf3xteZvmzvjYh14wnqNjL8XVeDy2o9A==
  dependencies:
    builtins "^4.0.0"

isexe@^2.0.0:
  version "2.0.0"
  resolved "https://registry.npmjs.org/isexe/-/isexe-2.0.0.tgz#e8fbf374dc556ff8947a10dcb0572d633f2cfa10"
  integrity sha1-6PvzdNxVb/iUehDcsFctYz8s+hA=

lru-cache@^6.0.0:
  version "6.0.0"
  resolved "https://registry.npmjs.org/lru-cache/-/lru-cache-6.0.0.tgz#6d6fe6570ebd96aaf90fcad1dafa3b2566db3a94"
  integrity sha512-Jo6dJ04CmSjuznwJSS3pUeWmd/H0ffTlkXXgwZi+eq1UCmqQwCh+eLsYOYCwY991i2Fah4h1BEMCx4qThGbsiA==
  dependencies:
    yallist "^4.0.0"

path-key@^3.1.0:
  version "3.1.1"
  resolved "https://registry.npmjs.org/path-key/-/path-key-3.1.1.tgz#581f6ade658cbba65a0d3380de7753295054f375"
  integrity sha512-ojmeN0qd+y0jszEtoY48r0Peq5dwMEkIlCOu6Q5f41lfkswXuKtYrhgoTpLnyIcHm24Uhqx+5Tqm2InSwLhE6Q==

semver@^7.0.0:
  version "7.3.5"
  resolved "https://registry.npmjs.org/semver/-/semver-7.3.5.tgz#0b621c879348d8998e4b0e4be94b3f12e6018ef7"
  integrity sha512-PoeGJYh8HK4BTO/a9Tf6ZG3veo/A7ZVsYrSA6J8ny9nb3B1VrpkuN+z9OE5wfE5p6H4LchYZsegiQgbJD94ZFQ==
  dependencies:
    lru-cache "^6.0.0"

shebang-command@^2.0.0:
  version "2.0.0"
  resolved "https://registry.npmjs.org/shebang-command/-/shebang-command-2.0.0.tgz#ccd0af4f8835fbdc265b82461aaf0c36663f34ea"
  integrity sha512-kHxr2zZpYtdmrN1qDjrrX/Z1rR1kG8Dx+gkpK1G4eXmvXswmcE1hTWBWYUzlraYw1/yZp6YuDY77YtvbN0dmDA==
  dependencies:
    shebang-regex "^3.0.0"

shebang-regex@^3.0.0:
  version "3.0.0"
  resolved "https://registry.npmjs.org/shebang-regex/-/shebang-regex-3.0.0.tgz#ae16f1644d873ecad843b0307b143362d4c42172"
  integrity sha512-7++dFhtcx3353uBaq8DDR4NuxBetBzC7ZQOhmTQInHEd6bSrXdiEyzCvG07Z44UYdLShWUyXt5M/yhz8ekcb1A==

typescript@^4.5.5:
  version "4.5.5"
  resolved "https://registry.npmjs.org/typescript/-/typescript-4.5.5.tgz#d8c953832d28924a9e3d37c73d729c846c5896f3"
  integrity sha512-TCTIul70LyWe6IJWT8QSYeA54WQe8EjQFU4wY52Fasj5UKx88LNYKCgBEHcOMOrFF1rKGbD8v/xcNWVUq9SymA==

which@^2.0.1:
  version "2.0.2"
  resolved "https://registry.npmjs.org/which/-/which-2.0.2.tgz#7c6a8dd0a636a0327e10b59c9286eee93f3f51b1"
  integrity sha512-BLI3Tl1TW3Pvl70l3yq3Y64i+awpwXqsGBYWkkqMtnbXgrMD+yj7rhW0kuEDxzJaYXGjEW5ogapKNMEKNMjibA==
  dependencies:
    isexe "^2.0.0"

yallist@^4.0.0:
  version "4.0.0"
  resolved "https://registry.npmjs.org/yallist/-/yallist-4.0.0.tgz#9bb92790d9c0effec63be73519e11a35019a3a72"
  integrity sha512-3wdGidZyq5PB084XLES5TpOSRA3wjXAlIWMhum2kRcv/41Sn2emQ0dycQW4uZXLejwKvg6EsvbdlVL+FYEct7A==
